// !$*UTF8*$!
{
	archiveVersion = 1;
	classes = {
	};
	objectVersion = 48;
	objects = {

/* Begin PBXBuildFile section */
		5B07DD14204D9007001DF8B8 /* RecursionTester.cpp in Sources */ = {isa = PBXBuildFile; fileRef = 5B07DD12204D9007001DF8B8 /* RecursionTester.cpp */; };
		5B48C86820470F6A00B8081A /* TestingStacksAndQueues.cpp in Sources */ = {isa = PBXBuildFile; fileRef = 5B48C86620470F6A00B8081A /* TestingStacksAndQueues.cpp */; };
		5B70A72F203C766C0060F813 /* ArrayTester.cpp in Sources */ = {isa = PBXBuildFile; fileRef = 5B70A72D203C766C0060F813 /* ArrayTester.cpp */; };
		5B7BD90A20221D7A001D5BDA /* FileController.cpp in Sources */ = {isa = PBXBuildFile; fileRef = 5B7BD90820221D7A001D5BDA /* FileController.cpp */; };
		5B7BD90E2022234F001D5BDA /* CrimeData.cpp in Sources */ = {isa = PBXBuildFile; fileRef = 5B7BD90C20221FAE001D5BDA /* CrimeData.cpp */; };
		5BDD44BF20220CCD0095BFD0 /* Runner.cpp in Sources */ = {isa = PBXBuildFile; fileRef = 5BDD44BE20220CCD0095BFD0 /* Runner.cpp */; };
		5BDD44C320220D330095BFD0 /* Controller.cpp in Sources */ = {isa = PBXBuildFile; fileRef = 5BDD44C120220D330095BFD0 /* Controller.cpp */; };
		5BDD44C720220F350095BFD0 /* Timer.cpp in Sources */ = {isa = PBXBuildFile; fileRef = 5BDD44C520220F350095BFD0 /* Timer.cpp */; };
/* End PBXBuildFile section */

/* Begin PBXCopyFilesBuildPhase section */
		5BDD44AD20220C680095BFD0 /* CopyFiles */ = {
			isa = PBXCopyFilesBuildPhase;
			buildActionMask = 2147483647;
			dstPath = /usr/share/man/man1/;
			dstSubfolderSpec = 0;
			files = (
			);
			runOnlyForDeploymentPostprocessing = 1;
		};
/* End PBXCopyFilesBuildPhase section */

/* Begin PBXFileReference section */
		5B07DD12204D9007001DF8B8 /* RecursionTester.cpp */ = {isa = PBXFileReference; lastKnownFileType = sourcecode.cpp.cpp; path = RecursionTester.cpp; sourceTree = "<group>"; };
		5B07DD13204D9007001DF8B8 /* RecursionTester.hpp */ = {isa = PBXFileReference; lastKnownFileType = sourcecode.cpp.h; path = RecursionTester.hpp; sourceTree = "<group>"; };
		5B48C86620470F6A00B8081A /* TestingStacksAndQueues.cpp */ = {isa = PBXFileReference; lastKnownFileType = sourcecode.cpp.cpp; path = TestingStacksAndQueues.cpp; sourceTree = "<group>"; };
		5B48C86720470F6A00B8081A /* TestingStacksAndQueues.hpp */ = {isa = PBXFileReference; lastKnownFileType = sourcecode.cpp.h; path = TestingStacksAndQueues.hpp; sourceTree = "<group>"; };
		5B5A1503204457CA00425E84 /* DoubleNode.hpp */ = {isa = PBXFileReference; lastKnownFileType = sourcecode.cpp.h; path = DoubleNode.hpp; sourceTree = "<group>"; };
		5B6FF17B2024C0E100079216 /* Array.hpp */ = {isa = PBXFileReference; fileEncoding = 4; lastKnownFileType = sourcecode.cpp.h; path = Array.hpp; sourceTree = "<group>"; };
		5B70A71F203C72B40060F813 /* List.hpp */ = {isa = PBXFileReference; lastKnownFileType = sourcecode.cpp.h; path = List.hpp; sourceTree = "<group>"; };
		5B70A722203C75AF0060F813 /* LinkedList.hpp */ = {isa = PBXFileReference; lastKnownFileType = sourcecode.cpp.h; path = LinkedList.hpp; sourceTree = "<group>"; };
		5B70A725203C75D00060F813 /* Node.hpp */ = {isa = PBXFileReference; lastKnownFileType = sourcecode.cpp.h; path = Node.hpp; sourceTree = "<group>"; };
		5B70A728203C76050060F813 /* LinearNode.hpp */ = {isa = PBXFileReference; lastKnownFileType = sourcecode.cpp.h; path = LinearNode.hpp; sourceTree = "<group>"; };
		5B70A72D203C766C0060F813 /* ArrayTester.cpp */ = {isa = PBXFileReference; lastKnownFileType = sourcecode.cpp.cpp; path = ArrayTester.cpp; sourceTree = "<group>"; };
		5B70A72E203C766C0060F813 /* ArrayTester.hpp */ = {isa = PBXFileReference; lastKnownFileType = sourcecode.cpp.h; path = ArrayTester.hpp; sourceTree = "<group>"; };
		5B7BD90820221D7A001D5BDA /* FileController.cpp */ = {isa = PBXFileReference; lastKnownFileType = sourcecode.cpp.cpp; path = FileController.cpp; sourceTree = "<group>"; };
		5B7BD90920221D7A001D5BDA /* FileController.hpp */ = {isa = PBXFileReference; lastKnownFileType = sourcecode.cpp.h; path = FileController.hpp; sourceTree = "<group>"; };
		5B7BD90B20221FA8001D5BDA /* CrimeData.hpp */ = {isa = PBXFileReference; lastKnownFileType = sourcecode.cpp.h; path = CrimeData.hpp; sourceTree = "<group>"; };
		5B7BD90C20221FAE001D5BDA /* CrimeData.cpp */ = {isa = PBXFileReference; lastKnownFileType = sourcecode.cpp.cpp; path = CrimeData.cpp; sourceTree = "<group>"; };
		5B7BD90D20221FED001D5BDA /* crime.csv */ = {isa = PBXFileReference; lastKnownFileType = text; path = crime.csv; sourceTree = "<group>"; };
		5B7F78CA203F1649003C48FE /* Stack.hpp */ = {isa = PBXFileReference; lastKnownFileType = sourcecode.cpp.h; path = Stack.hpp; sourceTree = "<group>"; };
		5B7F78CD203F165C003C48FE /* Queue.hpp */ = {isa = PBXFileReference; lastKnownFileType = sourcecode.cpp.h; path = Queue.hpp; sourceTree = "<group>"; };
		5B7F78D0203F1673003C48FE /* CircularList.hpp */ = {isa = PBXFileReference; lastKnownFileType = sourcecode.cpp.h; path = CircularList.hpp; sourceTree = "<group>"; };
		5BDD44AF20220C680095BFD0 /* DataStructures */ = {isa = PBXFileReference; explicitFileType = "compiled.mach-o.executable"; includeInIndex = 0; path = DataStructures; sourceTree = BUILT_PRODUCTS_DIR; };
		5BDD44BE20220CCD0095BFD0 /* Runner.cpp */ = {isa = PBXFileReference; lastKnownFileType = sourcecode.cpp.cpp; path = Runner.cpp; sourceTree = "<group>"; };
		5BDD44C120220D330095BFD0 /* Controller.cpp */ = {isa = PBXFileReference; lastKnownFileType = sourcecode.cpp.cpp; path = Controller.cpp; sourceTree = "<group>"; };
		5BDD44C220220D330095BFD0 /* Controller.hpp */ = {isa = PBXFileReference; lastKnownFileType = sourcecode.cpp.h; path = Controller.hpp; sourceTree = "<group>"; };
		5BDD44C520220F350095BFD0 /* Timer.cpp */ = {isa = PBXFileReference; lastKnownFileType = sourcecode.cpp.cpp; path = Timer.cpp; sourceTree = "<group>"; };
		5BDD44C620220F350095BFD0 /* Timer.hpp */ = {isa = PBXFileReference; lastKnownFileType = sourcecode.cpp.h; path = Timer.hpp; sourceTree = "<group>"; };
/* End PBXFileReference section */

/* Begin PBXFrameworksBuildPhase section */
		5BDD44AC20220C680095BFD0 /* Frameworks */ = {
			isa = PBXFrameworksBuildPhase;
			buildActionMask = 2147483647;
			files = (
			);
			runOnlyForDeploymentPostprocessing = 0;
		};
/* End PBXFrameworksBuildPhase section */

/* Begin PBXGroup section */
		5B6FF1762024BFF300079216 /* Structures */ = {
			isa = PBXGroup;
			children = (
				5B7F78C8203F15FC003C48FE /* Linear */,
			);
			path = Structures;
			sourceTree = "<group>";
		};
		5B6FF1772024BFFF00079216 /* Nodes */ = {
			isa = PBXGroup;
			children = (
				5B70A725203C75D00060F813 /* Node.hpp */,
				5B70A728203C76050060F813 /* LinearNode.hpp */,
				5B5A1503204457CA00425E84 /* DoubleNode.hpp */,
			);
			path = Nodes;
			sourceTree = "<group>";
		};
		5B7F78C8203F15FC003C48FE /* Linear */ = {
			isa = PBXGroup;
			children = (
				5B6FF17B2024C0E100079216 /* Array.hpp */,
				5B70A722203C75AF0060F813 /* LinkedList.hpp */,
				5B70A71F203C72B40060F813 /* List.hpp */,
				5B7F78CA203F1649003C48FE /* Stack.hpp */,
				5B7F78CD203F165C003C48FE /* Queue.hpp */,
				5B7F78D0203F1673003C48FE /* CircularList.hpp */,
			);
			path = Linear;
			sourceTree = "<group>";
		};
		5BDD44A620220C680095BFD0 = {
			isa = PBXGroup;
			children = (
				5BDD44B120220C680095BFD0 /* DataStructures */,
				5BDD44C420220DC10095BFD0 /* Testing */,
				5BDD44B020220C680095BFD0 /* Products */,
			);
			sourceTree = "<group>";
		};
		5BDD44B020220C680095BFD0 /* Products */ = {
			isa = PBXGroup;
			children = (
				5BDD44AF20220C680095BFD0 /* DataStructures */,
			);
			name = Products;
			sourceTree = "<group>";
		};
		5BDD44B120220C680095BFD0 /* DataStructures */ = {
			isa = PBXGroup;
			children = (
				5BDD44BE20220CCD0095BFD0 /* Runner.cpp */,
				5BDD44B920220C7B0095BFD0 /* Diagrams */,
				5BDD44BA20220C820095BFD0 /* Data */,
				5BDD44BB20220C870095BFD0 /* Controller */,
				5BDD44BC20220C8C0095BFD0 /* Model */,
			);
			path = DataStructures;
			sourceTree = "<group>";
		};
		5BDD44B920220C7B0095BFD0 /* Diagrams */ = {
			isa = PBXGroup;
			children = (
			);
			path = Diagrams;
			sourceTree = "<group>";
		};
		5BDD44BA20220C820095BFD0 /* Data */ = {
			isa = PBXGroup;
			children = (
				5B7BD90D20221FED001D5BDA /* crime.csv */,
				5B7BD90C20221FAE001D5BDA /* CrimeData.cpp */,
				5B7BD90B20221FA8001D5BDA /* CrimeData.hpp */,
			);
			path = Data;
			sourceTree = "<group>";
		};
		5BDD44BB20220C870095BFD0 /* Controller */ = {
			isa = PBXGroup;
			children = (
				5BDD44C220220D330095BFD0 /* Controller.hpp */,
				5BDD44C120220D330095BFD0 /* Controller.cpp */,
				5B7BD90820221D7A001D5BDA /* FileController.cpp */,
				5B7BD90920221D7A001D5BDA /* FileController.hpp */,
				5BDD44BD20220C940095BFD0 /* Tools */,
			);
			path = Controller;
			sourceTree = "<group>";
		};
		5BDD44BC20220C8C0095BFD0 /* Model */ = {
			isa = PBXGroup;
			children = (
				5B6FF1762024BFF300079216 /* Structures */,
				5B6FF1772024BFFF00079216 /* Nodes */,
			);
			path = Model;
			sourceTree = "<group>";
		};
		5BDD44BD20220C940095BFD0 /* Tools */ = {
			isa = PBXGroup;
			children = (
				5BDD44C520220F350095BFD0 /* Timer.cpp */,
				5BDD44C620220F350095BFD0 /* Timer.hpp */,
			);
			path = Tools;
			sourceTree = "<group>";
		};
		5BDD44C420220DC10095BFD0 /* Testing */ = {
			isa = PBXGroup;
			children = (
				5B70A72D203C766C0060F813 /* ArrayTester.cpp */,
				5B70A72E203C766C0060F813 /* ArrayTester.hpp */,
				5B48C86620470F6A00B8081A /* TestingStacksAndQueues.cpp */,
				5B48C86720470F6A00B8081A /* TestingStacksAndQueues.hpp */,
				5B07DD12204D9007001DF8B8 /* RecursionTester.cpp */,
				5B07DD13204D9007001DF8B8 /* RecursionTester.hpp */,
			);
			path = Testing;
			sourceTree = "<group>";
		};
/* End PBXGroup section */

/* Begin PBXNativeTarget section */
		5BDD44AE20220C680095BFD0 /* DataStructures */ = {
			isa = PBXNativeTarget;
			buildConfigurationList = 5BDD44B620220C680095BFD0 /* Build configuration list for PBXNativeTarget "DataStructures" */;
			buildPhases = (
				5BDD44AB20220C680095BFD0 /* Sources */,
				5BDD44AC20220C680095BFD0 /* Frameworks */,
				5BDD44AD20220C680095BFD0 /* CopyFiles */,
			);
			buildRules = (
			);
			dependencies = (
			);
			name = DataStructures;
			productName = DataStructures;
			productReference = 5BDD44AF20220C680095BFD0 /* DataStructures */;
			productType = "com.apple.product-type.tool";
		};
/* End PBXNativeTarget section */

/* Begin PBXProject section */
		5BDD44A720220C680095BFD0 /* Project object */ = {
			isa = PBXProject;
			attributes = {
				LastUpgradeCheck = 0900;
				ORGANIZATIONNAME = "Harris, Jacob";
				TargetAttributes = {
					5BDD44AE20220C680095BFD0 = {
						CreatedOnToolsVersion = 9.0;
						ProvisioningStyle = Automatic;
					};
				};
			};
			buildConfigurationList = 5BDD44AA20220C680095BFD0 /* Build configuration list for PBXProject "DataStructures" */;
			compatibilityVersion = "Xcode 8.0";
			developmentRegion = en;
			hasScannedForEncodings = 0;
			knownRegions = (
				en,
			);
			mainGroup = 5BDD44A620220C680095BFD0;
			productRefGroup = 5BDD44B020220C680095BFD0 /* Products */;
			projectDirPath = "";
			projectRoot = "";
			targets = (
				5BDD44AE20220C680095BFD0 /* DataStructures */,
			);
		};
/* End PBXProject section */

/* Begin PBXSourcesBuildPhase section */
		5BDD44AB20220C680095BFD0 /* Sources */ = {
			isa = PBXSourcesBuildPhase;
			buildActionMask = 2147483647;
			files = (
				5BDD44C720220F350095BFD0 /* Timer.cpp in Sources */,
				5B7BD90E2022234F001D5BDA /* CrimeData.cpp in Sources */,
				5B48C86820470F6A00B8081A /* TestingStacksAndQueues.cpp in Sources */,
				5BDD44BF20220CCD0095BFD0 /* Runner.cpp in Sources */,
				5BDD44C320220D330095BFD0 /* Controller.cpp in Sources */,
				5B07DD14204D9007001DF8B8 /* RecursionTester.cpp in Sources */,
				5B70A72F203C766C0060F813 /* ArrayTester.cpp in Sources */,
				5B7BD90A20221D7A001D5BDA /* FileController.cpp in Sources */,
			);
			runOnlyForDeploymentPostprocessing = 0;
		};
/* End PBXSourcesBuildPhase section */

/* Begin XCBuildConfiguration section */
		5BDD44B420220C680095BFD0 /* Debug */ = {
			isa = XCBuildConfiguration;
			buildSettings = {
				ALWAYS_SEARCH_USER_PATHS = NO;
				CLANG_ANALYZER_NONNULL = YES;
				CLANG_ANALYZER_NUMBER_OBJECT_CONVERSION = YES_AGGRESSIVE;
				CLANG_CXX_LANGUAGE_STANDARD = "gnu++14";
				CLANG_CXX_LIBRARY = "libc++";
				CLANG_ENABLE_MODULES = YES;
				CLANG_ENABLE_OBJC_ARC = YES;
				CLANG_WARN_BLOCK_CAPTURE_AUTORELEASING = YES;
				CLANG_WARN_BOOL_CONVERSION = YES;
				CLANG_WARN_COMMA = YES;
				CLANG_WARN_CONSTANT_CONVERSION = YES;
				CLANG_WARN_DIRECT_OBJC_ISA_USAGE = YES_ERROR;
				CLANG_WARN_DOCUMENTATION_COMMENTS = YES;
				CLANG_WARN_EMPTY_BODY = YES;
				CLANG_WARN_ENUM_CONVERSION = YES;
				CLANG_WARN_INFINITE_RECURSION = YES;
				CLANG_WARN_INT_CONVERSION = YES;
				CLANG_WARN_NON_LITERAL_NULL_CONVERSION = YES;
				CLANG_WARN_OBJC_LITERAL_CONVERSION = YES;
				CLANG_WARN_OBJC_ROOT_CLASS = YES_ERROR;
				CLANG_WARN_RANGE_LOOP_ANALYSIS = YES;
				CLANG_WARN_STRICT_PROTOTYPES = YES;
				CLANG_WARN_SUSPICIOUS_MOVE = YES;
				CLANG_WARN_UNGUARDED_AVAILABILITY = YES_AGGRESSIVE;
				CLANG_WARN_UNREACHABLE_CODE = YES;
				CLANG_WARN__DUPLICATE_METHOD_MATCH = YES;
				CODE_SIGN_IDENTITY = "-";
				COPY_PHASE_STRIP = NO;
				DEBUG_INFORMATION_FORMAT = dwarf;
				ENABLE_STRICT_OBJC_MSGSEND = YES;
				ENABLE_TESTABILITY = YES;
				GCC_C_LANGUAGE_STANDARD = gnu11;
				GCC_DYNAMIC_NO_PIC = NO;
				GCC_NO_COMMON_BLOCKS = YES;
				GCC_OPTIMIZATION_LEVEL = 0;
				GCC_PREPROCESSOR_DEFINITIONS = (
					"DEBUG=1",
					"$(inherited)",
				);
				GCC_WARN_64_TO_32_BIT_CONVERSION = YES;
				GCC_WARN_ABOUT_RETURN_TYPE = YES_ERROR;
				GCC_WARN_UNDECLARED_SELECTOR = YES;
				GCC_WARN_UNINITIALIZED_AUTOS = YES_AGGRESSIVE;
				GCC_WARN_UNUSED_FUNCTION = YES;
				GCC_WARN_UNUSED_VARIABLE = YES;
				MACOSX_DEPLOYMENT_TARGET = 10.13;
				MTL_ENABLE_DEBUG_INFO = YES;
				ONLY_ACTIVE_ARCH = YES;
				SDKROOT = macosx;
			};
			name = Debug;
		};
		5BDD44B520220C680095BFD0 /* Release */ = {
			isa = XCBuildConfiguration;
			buildSettings = {
				ALWAYS_SEARCH_USER_PATHS = NO;
				CLANG_ANALYZER_NONNULL = YES;
				CLANG_ANALYZER_NUMBER_OBJECT_CONVERSION = YES_AGGRESSIVE;
				CLANG_CXX_LANGUAGE_STANDARD = "gnu++14";
				CLANG_CXX_LIBRARY = "libc++";
				CLANG_ENABLE_MODULES = YES;
				CLANG_ENABLE_OBJC_ARC = YES;
				CLANG_WARN_BLOCK_CAPTURE_AUTORELEASING = YES;
				CLANG_WARN_BOOL_CONVERSION = YES;
				CLANG_WARN_COMMA = YES;
				CLANG_WARN_CONSTANT_CONVERSION = YES;
				CLANG_WARN_DIRECT_OBJC_ISA_USAGE = YES_ERROR;
				CLANG_WARN_DOCUMENTATION_COMMENTS = YES;
				CLANG_WARN_EMPTY_BODY = YES;
				CLANG_WARN_ENUM_CONVERSION = YES;
				CLANG_WARN_INFINITE_RECURSION = YES;
				CLANG_WARN_INT_CONVERSION = YES;
				CLANG_WARN_NON_LITERAL_NULL_CONVERSION = YES;
				CLANG_WARN_OBJC_LITERAL_CONVERSION = YES;
				CLANG_WARN_OBJC_ROOT_CLASS = YES_ERROR;
				CLANG_WARN_RANGE_LOOP_ANALYSIS = YES;
				CLANG_WARN_STRICT_PROTOTYPES = YES;
				CLANG_WARN_SUSPICIOUS_MOVE = YES;
				CLANG_WARN_UNGUARDED_AVAILABILITY = YES_AGGRESSIVE;
				CLANG_WARN_UNREACHABLE_CODE = YES;
				CLANG_WARN__DUPLICATE_METHOD_MATCH = YES;
				CODE_SIGN_IDENTITY = "-";
				COPY_PHASE_STRIP = NO;
				DEBUG_INFORMATION_FORMAT = "dwarf-with-dsym";
				ENABLE_NS_ASSERTIONS = NO;
				ENABLE_STRICT_OBJC_MSGSEND = YES;
				GCC_C_LANGUAGE_STANDARD = gnu11;
				GCC_NO_COMMON_BLOCKS = YES;
				GCC_WARN_64_TO_32_BIT_CONVERSION = YES;
				GCC_WARN_ABOUT_RETURN_TYPE = YES_ERROR;
				GCC_WARN_UNDECLARED_SELECTOR = YES;
				GCC_WARN_UNINITIALIZED_AUTOS = YES_AGGRESSIVE;
				GCC_WARN_UNUSED_FUNCTION = YES;
				GCC_WARN_UNUSED_VARIABLE = YES;
				MACOSX_DEPLOYMENT_TARGET = 10.13;
				MTL_ENABLE_DEBUG_INFO = NO;
				SDKROOT = macosx;
			};
			name = Release;
		};
		5BDD44B720220C680095BFD0 /* Debug */ = {
			isa = XCBuildConfiguration;
			buildSettings = {
				CODE_SIGN_STYLE = Automatic;
				PRODUCT_NAME = "$(TARGET_NAME)";
			};
			name = Debug;
		};
		5BDD44B820220C680095BFD0 /* Release */ = {
			isa = XCBuildConfiguration;
			buildSettings = {
				CODE_SIGN_STYLE = Automatic;
				PRODUCT_NAME = "$(TARGET_NAME)";
			};
			name = Release;
		};
/* End XCBuildConfiguration section */

/* Begin XCConfigurationList section */
		5BDD44AA20220C680095BFD0 /* Build configuration list for PBXProject "DataStructures" */ = {
			isa = XCConfigurationList;
			buildConfigurations = (
				5BDD44B420220C680095BFD0 /* Debug */,
				5BDD44B520220C680095BFD0 /* Release */,
			);
			defaultConfigurationIsVisible = 0;
			defaultConfigurationName = Release;
		};
		5BDD44B620220C680095BFD0 /* Build configuration list for PBXNativeTarget "DataStructures" */ = {
			isa = XCConfigurationList;
			buildConfigurations = (
				5BDD44B720220C680095BFD0 /* Debug */,
				5BDD44B820220C680095BFD0 /* Release */,
			);
			defaultConfigurationIsVisible = 0;
			defaultConfigurationName = Release;
		};
/* End XCConfigurationList section */
	};
	rootObject = 5BDD44A720220C680095BFD0 /* Project object */;
}
